
Microsoft Visual Studio Solution File, Format Version 12.00
# Visual Studio Version 17
VisualStudioVersion = 17.5.33424.131
MinimumVisualStudioVersion = 10.0.40219.1
Project("{FAE04EC0-301F-11D3-BF4B-00C04F79EFBC}") = "CourierProject", "CourierProject\CourierProject.csproj", "{D6D7E5D8-B0FD-47FA-9677-5B926BF74951}"
EndProject
Global
	GlobalSection(SolutionConfigurationPlatforms) = preSolution
		Debug|Any CPU = Debug|Any CPU
		Release|Any CPU = Release|Any CPU
	EndGlobalSection
	GlobalSection(ProjectConfigurationPlatforms) = postSolution
		{D6D7E5D8-B0FD-47FA-9677-5B926BF74951}.Debug|Any CPU.ActiveCfg = Debug|Any CPU
		{D6D7E5D8-B0FD-47FA-9677-5B926BF74951}.Debug|Any CPU.Build.0 = Debug|Any CPU
		{D6D7E5D8-B0FD-47FA-9677-5B926BF74951}.Release|Any CPU.ActiveCfg = Release|Any CPU
		{D6D7E5D8-B0FD-47FA-9677-5B926BF74951}.Release|Any CPU.Build.0 = Release|Any CPU
	EndGlobalSection
	GlobalSection(SolutionProperties) = preSolution
		HideSolutionNode = FALSE
	EndGlobalSection
	GlobalSection(ExtensibilityGlobals) = postSolution
		SolutionGuid = {505BCD30-7E06-4213-A6F4-E3957BAB40F9}
	EndGlobalSection
EndGlobal
